
Microsoft Visual Studio Solution File, Format Version 12.00
Project("{FAE04EC0-301F-11D3-BF4B-00C04F79EFBC}") = "Tutorial1", "Tutorial1\Tutorial1.csproj", "{7C87192F-0EF4-4E1D-84DD-FB55AC187202}"
EndProject
Global
	GlobalSection(SolutionConfigurationPlatforms) = preSolution
		Debug|Any CPU = Debug|Any CPU
		Release|Any CPU = Release|Any CPU
	EndGlobalSection
	GlobalSection(ProjectConfigurationPlatforms) = postSolution
		{7C87192F-0EF4-4E1D-84DD-FB55AC187202}.Debug|Any CPU.ActiveCfg = Debug|Any CPU
		{7C87192F-0EF4-4E1D-84DD-FB55AC187202}.Debug|Any CPU.Build.0 = Debug|Any CPU
		{7C87192F-0EF4-4E1D-84DD-FB55AC187202}.Release|Any CPU.ActiveCfg = Release|Any CPU
		{7C87192F-0EF4-4E1D-84DD-FB55AC187202}.Release|Any CPU.Build.0 = Release|Any CPU
	EndGlobalSection
EndGlobal
